<?xml version="1.0" encoding="utf-8"?>
<Project ToolsVersion="4.0" xmlns="http://schemas.microsoft.com/developer/msbuild/2003">
  <ItemGroup>
    <Filter Include="Source Files">
      <UniqueIdentifier>{4FC737F1-C7A5-4376-A066-2A32D752A2FF}</UniqueIdentifier>
      <Extensions>cpp;c;cc;cxx;def;odl;idl;hpj;bat;asm;asmx</Extensions>
    </Filter>
    <Filter Include="Header Files">
      <UniqueIdentifier>{93995380-89BD-4b04-88EB-625FBE52EBFB}</UniqueIdentifier>
      <Extensions>h;hh;hpp;hxx;hm;inl;inc;xsd</Extensions>
    </Filter>
    <Filter Include="Resource Files">
      <UniqueIdentifier>{67DA6AB6-F800-4c08-8B7A-83BB121AAD01}</UniqueIdentifier>
      <Extensions>rc;ico;cur;bmp;dlg;rc2;rct;bin;rgs;gif;jpg;jpeg;jpe;resx;tiff;tif;png;wav;mfcribbon-ms</Extensions>
    </Filter>
  </ItemGroup>
  <ItemGroup>
    <ClInclude Include="include\gamelib\AllocatorDebugInfo.h">
      <Filter>Header Files</Filter>
    </ClInclude>
    <ClInclude Include="include\gamelib\CpuProfilerSample.h">
      <Filter>Header Files</Filter>
    </ClInclude>
    <ClInclude Include="include\gamelib\SystemAspectBase.h">
      <Filter>Header Files</Filter>
    </ClInclude>
    <ClInclude Include="include\gamelib\PhysicsAspectBase.h">
      <Filter>Header Files</Filter>
    </ClInclude>
    <ClInclude Include="include\gamelib\EngineBase.h">
      <Filter>Header Files</Filter>
    </ClInclude>
    <ClInclude Include="include\gamelib\MainAllocator.h">
      <Filter>Header Files</Filter>
    </ClInclude>
    <ClInclude Include="include\gamelib\AllocatorDebugLayer.h">
      <Filter>Header Files</Filter>
    </ClInclude>
    <ClInclude Include="include\gamelib\DebugLayer.h">
      <Filter>Header Files</Filter>
    </ClInclude>
    <ClInclude Include="include\gamelib\Segregator.h">
      <Filter>Header Files</Filter>
    </ClInclude>
    <ClInclude Include="include\gamelib\CascadingAllocator.h">
      <Filter>Header Files</Filter>
    </ClInclude>
    <ClInclude Include="include\gamelib\Event.h">
      <Filter>Header Files</Filter>
    </ClInclude>
    <ClInclude Include="include\gamelib\PhysicsComponent.h">
      <Filter>Header Files</Filter>
    </ClInclude>
    <ClInclude Include="include\gamelib\AABB.h">
      <Filter>Header Files</Filter>
    </ClInclude>
    <ClInclude Include="include\gamelib\Circle.h">
      <Filter>Header Files</Filter>
    </ClInclude>
    <ClInclude Include="include\gamelib\Allocator.h">
      <Filter>Header Files</Filter>
    </ClInclude>
    <ClInclude Include="include\gamelib\DebugAllocator.h">
      <Filter>Header Files</Filter>
    </ClInclude>
    <ClInclude Include="include\gamelib\InputController.h">
      <Filter>Header Files</Filter>
    </ClInclude>
    <ClInclude Include="include\gamelib\Entity.h">
      <Filter>Header Files</Filter>
    </ClInclude>
    <ClInclude Include="include\gamelib\EntityShape.h">
      <Filter>Header Files</Filter>
    </ClInclude>
    <ClInclude Include="include\gamelib\EntityFile.h">
      <Filter>Header Files</Filter>
    </ClInclude>
    <ClInclude Include="include\gamelib\EventListener.h">
      <Filter>Header Files</Filter>
    </ClInclude>
    <ClInclude Include="include\gamelib\ControllerLibrary.h">
      <Filter>Header Files</Filter>
    </ClInclude>
    <ClInclude Include="include\gamelib\LevelFile.h">
      <Filter>Header Files</Filter>
    </ClInclude>
    <ClInclude Include="include\gamelib\GravityWell.h">
      <Filter>Header Files</Filter>
    </ClInclude>
    <ClInclude Include="include\gamelib\GravityArea.h">
      <Filter>Header Files</Filter>
    </ClInclude>
    <ClInclude Include="include\gamelib\unique_ptr.h">
      <Filter>Header Files</Filter>
    </ClInclude>
    <ClInclude Include="include\gamelib\Timer.h">
      <Filter>Header Files</Filter>
    </ClInclude>
    <ClInclude Include="include\gamelib\Logfile.h">
      <Filter>Header Files</Filter>
    </ClInclude>
  </ItemGroup>
  <ItemGroup>
    <ClCompile Include="MainAllocator.cpp">
      <Filter>Source Files</Filter>
    </ClCompile>
    <ClCompile Include="AllocatorDebugLayer.cpp">
      <Filter>Source Files</Filter>
    </ClCompile>
    <ClCompile Include="DebugAllocator.cpp">
      <Filter>Source Files</Filter>
    </ClCompile>
    <ClCompile Include="Entity.cpp">
      <Filter>Source Files</Filter>
    </ClCompile>
    <ClCompile Include="LevelFile.cpp">
      <Filter>Source Files</Filter>
    </ClCompile>
    <ClCompile Include="Logfile.cpp">
      <Filter>Source Files</Filter>
    </ClCompile>
  </ItemGroup>
</Project>