<?xml version="1.0" encoding="utf-8"?>
<Project ToolsVersion="4.0" xmlns="http://schemas.microsoft.com/developer/msbuild/2003">
  <ItemGroup>
    <Filter Include="Source Files">
      <UniqueIdentifier>{4FC737F1-C7A5-4376-A066-2A32D752A2FF}</UniqueIdentifier>
      <Extensions>cpp;cxx;c;def</Extensions>
    </Filter>
    <Filter Include="Header Files">
      <UniqueIdentifier>{93995380-89BD-4b04-88EB-625FBE52EBFB}</UniqueIdentifier>
      <Extensions>h</Extensions>
    </Filter>
    <Filter Include="Form Files">
      <UniqueIdentifier>{99349809-55BA-4b9d-BF79-8FDBB0286EB3}</UniqueIdentifier>
      <Extensions>ui</Extensions>
    </Filter>
    <Filter Include="Resource Files">
      <UniqueIdentifier>{D9D6E242-F8AF-46E4-B9FD-80ECBC20BA3E}</UniqueIdentifier>
      <Extensions>qrc;*</Extensions>
      <ParseFiles>false</ParseFiles>
    </Filter>
    <Filter Include="Generated Files">
      <UniqueIdentifier>{71ED8ED8-ACB9-4CE9-BBE1-E00B30144E11}</UniqueIdentifier>
      <Extensions>moc;h;cpp</Extensions>
      <SourceControlFiles>False</SourceControlFiles>
    </Filter>
    <Filter Include="Generated Files\Debug">
      <UniqueIdentifier>{c9bbcfb7-70e0-4245-9e56-1e1a85e729f5}</UniqueIdentifier>
      <Extensions>cpp;moc</Extensions>
      <SourceControlFiles>False</SourceControlFiles>
    </Filter>
    <Filter Include="Generated Files\Release">
      <UniqueIdentifier>{e48df109-5663-467e-b6ac-ee1bfdb66547}</UniqueIdentifier>
      <Extensions>cpp;moc</Extensions>
      <SourceControlFiles>False</SourceControlFiles>
    </Filter>
    <Filter Include="Header Files\Game">
      <UniqueIdentifier>{51d492e8-ffd2-42a0-af78-2a93f6a49c1c}</UniqueIdentifier>
    </Filter>
    <Filter Include="Header Files\UI">
      <UniqueIdentifier>{24572e26-7315-4e4c-b2bd-65eed13bbe32}</UniqueIdentifier>
    </Filter>
    <Filter Include="Source Files\UI">
      <UniqueIdentifier>{64e563ac-e167-4cc3-a6df-56ce69440326}</UniqueIdentifier>
    </Filter>
    <Filter Include="Source Files\Game">
      <UniqueIdentifier>{c8a4108a-530c-41f3-9e62-933909eea776}</UniqueIdentifier>
    </Filter>
    <Filter Include="Header Files\Entitiy">
      <UniqueIdentifier>{0d359f8b-9a21-48f9-90ba-a1f778c44b67}</UniqueIdentifier>
    </Filter>
    <Filter Include="Source Files\Entity">
      <UniqueIdentifier>{deafbe03-df0b-4537-9b86-50cc57899715}</UniqueIdentifier>
    </Filter>
  </ItemGroup>
  <ItemGroup>
    <ClCompile Include="main.cpp">
      <Filter>Source Files</Filter>
    </ClCompile>
    <ClCompile Include="leveleditor.cpp">
      <Filter>Source Files</Filter>
    </ClCompile>
    <ClCompile Include="GeneratedFiles\Debug\moc_leveleditor.cpp">
      <Filter>Generated Files\Debug</Filter>
    </ClCompile>
    <ClCompile Include="GeneratedFiles\Release\moc_leveleditor.cpp">
      <Filter>Generated Files\Release</Filter>
    </ClCompile>
    <ClCompile Include="GeneratedFiles\qrc_leveleditor.cpp">
      <Filter>Generated Files</Filter>
    </ClCompile>
    <ClCompile Include="LabelSpinboxSpinboxWidget.cpp">
      <Filter>Source Files\UI</Filter>
    </ClCompile>
    <ClCompile Include="LabelSpinboxWidget.cpp">
      <Filter>Source Files\UI</Filter>
    </ClCompile>
    <ClCompile Include="EditorPhysicsAspect.cpp">
      <Filter>Source Files\Game</Filter>
    </ClCompile>
    <ClCompile Include="EditorPlayerInputController.cpp">
      <Filter>Source Files\Game</Filter>
    </ClCompile>
    <ClCompile Include="GeneratedFiles\Debug\moc_GameWidget.cpp">
      <Filter>Generated Files\Debug</Filter>
    </ClCompile>
    <ClCompile Include="GeneratedFiles\Release\moc_GameWidget.cpp">
      <Filter>Generated Files\Release</Filter>
    </ClCompile>
    <ClCompile Include="GameWidget.cpp">
      <Filter>Source Files</Filter>
    </ClCompile>
    <ClCompile Include="EditorEntityDynamic.cpp">
      <Filter>Source Files\Entity</Filter>
    </ClCompile>
    <ClCompile Include="EditorEntityStatic.cpp">
      <Filter>Source Files\Entity</Filter>
    </ClCompile>
    <ClCompile Include="EditorEntityGravityArea.cpp">
      <Filter>Source Files\Entity</Filter>
    </ClCompile>
    <ClCompile Include="EditorEntityGravityWell.cpp">
      <Filter>Source Files\Entity</Filter>
    </ClCompile>
    <ClCompile Include="EditorEntityGoal.cpp">
      <Filter>Source Files\Entity</Filter>
    </ClCompile>
    <ClCompile Include="EditorEntityPlayerSpawn.cpp">
      <Filter>Source Files\Entity</Filter>
    </ClCompile>
    <ClCompile Include="LabelComboboxWidget.cpp">
      <Filter>Source Files\UI</Filter>
    </ClCompile>
  </ItemGroup>
  <ItemGroup>
    <CustomBuild Include="leveleditor.h">
      <Filter>Header Files</Filter>
    </CustomBuild>
    <CustomBuild Include="leveleditor.ui">
      <Filter>Form Files</Filter>
    </CustomBuild>
    <CustomBuild Include="leveleditor.qrc">
      <Filter>Resource Files</Filter>
    </CustomBuild>
    <CustomBuild Include="GameWidget.h">
      <Filter>Header Files</Filter>
    </CustomBuild>
  </ItemGroup>
  <ItemGroup>
    <ClInclude Include="GeneratedFiles\ui_leveleditor.h">
      <Filter>Generated Files</Filter>
    </ClInclude>
    <ClInclude Include="EditorPhysicsAspect.h">
      <Filter>Header Files\Game</Filter>
    </ClInclude>
    <ClInclude Include="EditorSystemAspect.h">
      <Filter>Header Files\Game</Filter>
    </ClInclude>
    <ClInclude Include="EditorPlayerInputController.h">
      <Filter>Header Files</Filter>
    </ClInclude>
    <ClInclude Include="LabelSpinboxSpinboxWidget.h">
      <Filter>Header Files\UI</Filter>
    </ClInclude>
    <ClInclude Include="LabelSpinboxWidget.h">
      <Filter>Header Files\UI</Filter>
    </ClInclude>
    <ClInclude Include="EditorEntityBase.h">
      <Filter>Header Files\Entitiy</Filter>
    </ClInclude>
    <ClInclude Include="EditorEntityStatic.h">
      <Filter>Header Files\Entitiy</Filter>
    </ClInclude>
    <ClInclude Include="EditorEntityDynamic.h">
      <Filter>Header Files\Entitiy</Filter>
    </ClInclude>
    <ClInclude Include="EditorEntityGravityArea.h">
      <Filter>Header Files\Entitiy</Filter>
    </ClInclude>
    <ClInclude Include="EntityDataWidgets.h">
      <Filter>Header Files</Filter>
    </ClInclude>
    <ClInclude Include="EditorEntityGravityWell.h">
      <Filter>Header Files\Entitiy</Filter>
    </ClInclude>
    <ClInclude Include="EditorEntityPlayerSpawn.h">
      <Filter>Header Files\Entitiy</Filter>
    </ClInclude>
    <ClInclude Include="EditorEntityGoal.h">
      <Filter>Header Files\Entitiy</Filter>
    </ClInclude>
    <ClInclude Include="LabelComboboxWidget.h">
      <Filter>Header Files\UI</Filter>
    </ClInclude>
  </ItemGroup>
</Project>